
Microsoft Visual Studio Solution File, Format Version 12.00
# Visual Studio Version 17
VisualStudioVersion = 17.1.32421.90
MinimumVisualStudioVersion = 10.0.40219.1
Project("{9A19103F-16F7-4668-BE54-9A1E7A4F7556}") = "Aula1_Shift", "Aula1_Shift\Aula1_Shift.csproj", "{C0E9A222-5E1C-45F3-8B47-8EBC2DB0519D}"
EndProject
Project("{FAE04EC0-301F-11D3-BF4B-00C04F79EFBC}") = "Aula1_Fiap_Exercicio2", "Aula1_Fiap_Exercicio2\Aula1_Fiap_Exercicio2.csproj", "{53CA200E-DA6F-4A16-A156-48F9902F82F0}"
EndProject
Global
	GlobalSection(SolutionConfigurationPlatforms) = preSolution
		Debug|Any CPU = Debug|Any CPU
		Release|Any CPU = Release|Any CPU
	EndGlobalSection
	GlobalSection(ProjectConfigurationPlatforms) = postSolution
		{C0E9A222-5E1C-45F3-8B47-8EBC2DB0519D}.Debug|Any CPU.ActiveCfg = Debug|Any CPU
		{C0E9A222-5E1C-45F3-8B47-8EBC2DB0519D}.Debug|Any CPU.Build.0 = Debug|Any CPU
		{C0E9A222-5E1C-45F3-8B47-8EBC2DB0519D}.Release|Any CPU.ActiveCfg = Release|Any CPU
		{C0E9A222-5E1C-45F3-8B47-8EBC2DB0519D}.Release|Any CPU.Build.0 = Release|Any CPU
		{53CA200E-DA6F-4A16-A156-48F9902F82F0}.Debug|Any CPU.ActiveCfg = Debug|Any CPU
		{53CA200E-DA6F-4A16-A156-48F9902F82F0}.Debug|Any CPU.Build.0 = Debug|Any CPU
		{53CA200E-DA6F-4A16-A156-48F9902F82F0}.Release|Any CPU.ActiveCfg = Release|Any CPU
		{53CA200E-DA6F-4A16-A156-48F9902F82F0}.Release|Any CPU.Build.0 = Release|Any CPU
	EndGlobalSection
	GlobalSection(SolutionProperties) = preSolution
		HideSolutionNode = FALSE
	EndGlobalSection
	GlobalSection(ExtensibilityGlobals) = postSolution
		SolutionGuid = {30F4973B-CB2F-47EC-9EBF-C943DE62D65F}
	EndGlobalSection
EndGlobal
